
Microsoft Visual Studio Solution File, Format Version 12.00
# Visual Studio 15
VisualStudioVersion = 15.0.27130.2010
MinimumVisualStudioVersion = 10.0.40219.1
Project("{FAE04EC0-301F-11D3-BF4B-00C04F79EFBC}") = "MVCBasicV1", "MVCBasicV1\MVCBasicV1.csproj", "{CAAB79E0-3B48-4A23-BBA8-801898C174FE}"
EndProject
Global
	GlobalSection(SolutionConfigurationPlatforms) = preSolution
		Debug|Any CPU = Debug|Any CPU
		Release|Any CPU = Release|Any CPU
	EndGlobalSection
	GlobalSection(ProjectConfigurationPlatforms) = postSolution
		{CAAB79E0-3B48-4A23-BBA8-801898C174FE}.Debug|Any CPU.ActiveCfg = Debug|Any CPU
		{CAAB79E0-3B48-4A23-BBA8-801898C174FE}.Debug|Any CPU.Build.0 = Debug|Any CPU
		{CAAB79E0-3B48-4A23-BBA8-801898C174FE}.Release|Any CPU.ActiveCfg = Release|Any CPU
		{CAAB79E0-3B48-4A23-BBA8-801898C174FE}.Release|Any CPU.Build.0 = Release|Any CPU
	EndGlobalSection
	GlobalSection(SolutionProperties) = preSolution
		HideSolutionNode = FALSE
	EndGlobalSection
	GlobalSection(ExtensibilityGlobals) = postSolution
		SolutionGuid = {443FE174-9F46-4819-A5B2-ED202163D5E0}
	EndGlobalSection
EndGlobal
